
Microsoft Visual Studio Solution File, Format Version 12.00
# Visual Studio Version 17
VisualStudioVersion = 17.4.33205.214
MinimumVisualStudioVersion = 10.0.40219.1
Project("{FAE04EC0-301F-11D3-BF4B-00C04F79EFBC}") = "efcore_test", "efcore_test\efcore_test.csproj", "{D63DFAC0-E7C4-4D9C-A531-486AED2FAE59}"
EndProject
Global
	GlobalSection(SolutionConfigurationPlatforms) = preSolution
		Debug|Any CPU = Debug|Any CPU
		Release|Any CPU = Release|Any CPU
	EndGlobalSection
	GlobalSection(ProjectConfigurationPlatforms) = postSolution
		{D63DFAC0-E7C4-4D9C-A531-486AED2FAE59}.Debug|Any CPU.ActiveCfg = Debug|Any CPU
		{D63DFAC0-E7C4-4D9C-A531-486AED2FAE59}.Debug|Any CPU.Build.0 = Debug|Any CPU
		{D63DFAC0-E7C4-4D9C-A531-486AED2FAE59}.Release|Any CPU.ActiveCfg = Release|Any CPU
		{D63DFAC0-E7C4-4D9C-A531-486AED2FAE59}.Release|Any CPU.Build.0 = Release|Any CPU
	EndGlobalSection
	GlobalSection(SolutionProperties) = preSolution
		HideSolutionNode = FALSE
	EndGlobalSection
	GlobalSection(ExtensibilityGlobals) = postSolution
		SolutionGuid = {7968DE84-9269-40AD-BB35-E14C7AE91829}
	EndGlobalSection
EndGlobal
